
Microsoft Visual Studio Solution File, Format Version 12.00
# Visual Studio Version 16
VisualStudioVersion = 16.0.30330.147
MinimumVisualStudioVersion = 10.0.40219.1
Project("{FAE04EC0-301F-11D3-BF4B-00C04F79EFBC}") = "MiCalculadora", "MiCalculadora\MiCalculadora.csproj", "{63C10CA6-633A-4EBF-8674-00148250D336}"
EndProject
Project("{FAE04EC0-301F-11D3-BF4B-00C04F79EFBC}") = "Entidades", "Entidades\Entidades.csproj", "{87E5BA7A-EFBB-48B3-A33E-B3DD9D418F8E}"
EndProject
Global
	GlobalSection(SolutionConfigurationPlatforms) = preSolution
		Debug|Any CPU = Debug|Any CPU
		Release|Any CPU = Release|Any CPU
	EndGlobalSection
	GlobalSection(ProjectConfigurationPlatforms) = postSolution
		{63C10CA6-633A-4EBF-8674-00148250D336}.Debug|Any CPU.ActiveCfg = Debug|Any CPU
		{63C10CA6-633A-4EBF-8674-00148250D336}.Debug|Any CPU.Build.0 = Debug|Any CPU
		{63C10CA6-633A-4EBF-8674-00148250D336}.Release|Any CPU.ActiveCfg = Release|Any CPU
		{63C10CA6-633A-4EBF-8674-00148250D336}.Release|Any CPU.Build.0 = Release|Any CPU
		{87E5BA7A-EFBB-48B3-A33E-B3DD9D418F8E}.Debug|Any CPU.ActiveCfg = Debug|Any CPU
		{87E5BA7A-EFBB-48B3-A33E-B3DD9D418F8E}.Debug|Any CPU.Build.0 = Debug|Any CPU
		{87E5BA7A-EFBB-48B3-A33E-B3DD9D418F8E}.Release|Any CPU.ActiveCfg = Release|Any CPU
		{87E5BA7A-EFBB-48B3-A33E-B3DD9D418F8E}.Release|Any CPU.Build.0 = Release|Any CPU
	EndGlobalSection
	GlobalSection(SolutionProperties) = preSolution
		HideSolutionNode = FALSE
	EndGlobalSection
	GlobalSection(ExtensibilityGlobals) = postSolution
		SolutionGuid = {5B453DCC-7F3A-4F8A-A89B-923C4DCACB3D}
	EndGlobalSection
EndGlobal
